// !$*UTF8*$!
{
	archiveVersion = 1;
	classes = {
	};
	objectVersion = 56;
	objects = {

/* Begin PBXBuildFile section */
		9F287E612D07B29A0005FD3E /* AppDelegate.swift in Sources */ = {isa = PBXBuildFile; fileRef = 9F287E602D07B29A0005FD3E /* AppDelegate.swift */; };
		9F287E632D07B29A0005FD3E /* SceneDelegate.swift in Sources */ = {isa = PBXBuildFile; fileRef = 9F287E622D07B29A0005FD3E /* SceneDelegate.swift */; };
		9F287E652D07B29A0005FD3E /* ViewController.swift in Sources */ = {isa = PBXBuildFile; fileRef = 9F287E642D07B29A0005FD3E /* ViewController.swift */; };
		9F287E782D07B29D0005FD3E /* NearByAppTests.swift in Sources */ = {isa = PBXBuildFile; fileRef = 9F287E772D07B29D0005FD3E /* NearByAppTests.swift */; };
		9F287E822D07B29D0005FD3E /* NearByAppUITests.swift in Sources */ = {isa = PBXBuildFile; fileRef = 9F287E812D07B29D0005FD3E /* NearByAppUITests.swift */; };
		9F287E842D07B29D0005FD3E /* NearByAppUITestsLaunchTests.swift in Sources */ = {isa = PBXBuildFile; fileRef = 9F287E832D07B29D0005FD3E /* NearByAppUITestsLaunchTests.swift */; };
		9F287E9C2D07BC950005FD3E /* Colors.swift in Sources */ = {isa = PBXBuildFile; fileRef = 9F287E9B2D07BC950005FD3E /* Colors.swift */; };
		9F287E9F2D07BD1B0005FD3E /* NearbyFlowController.swift in Sources */ = {isa = PBXBuildFile; fileRef = 9F287E9E2D07BD1B0005FD3E /* NearbyFlowController.swift */; };
		9F287EA32D07BEB50005FD3E /* SplashViewController.swift in Sources */ = {isa = PBXBuildFile; fileRef = 9F287EA22D07BEB50005FD3E /* SplashViewController.swift */; };
		9F287EA52D07BF060005FD3E /* SplashView.swift in Sources */ = {isa = PBXBuildFile; fileRef = 9F287EA42D07BF060005FD3E /* SplashView.swift */; };
		9F4D43222D085DE5005245F3 /* Assets.xcassets in Resources */ = {isa = PBXBuildFile; fileRef = 9F287E9A2D07BC360005FD3E /* Assets.xcassets */; };
/* End PBXBuildFile section */

/* Begin PBXContainerItemProxy section */
		9F287E742D07B29D0005FD3E /* PBXContainerItemProxy */ = {
			isa = PBXContainerItemProxy;
			containerPortal = 9F287E552D07B29A0005FD3E /* Project object */;
			proxyType = 1;
			remoteGlobalIDString = 9F287E5C2D07B29A0005FD3E;
			remoteInfo = NearByApp;
		};
		9F287E7E2D07B29D0005FD3E /* PBXContainerItemProxy */ = {
			isa = PBXContainerItemProxy;
			containerPortal = 9F287E552D07B29A0005FD3E /* Project object */;
			proxyType = 1;
			remoteGlobalIDString = 9F287E5C2D07B29A0005FD3E;
			remoteInfo = NearByApp;
		};
/* End PBXContainerItemProxy section */

/* Begin PBXFileReference section */
		9F287E5D2D07B29A0005FD3E /* NearByApp.app */ = {isa = PBXFileReference; explicitFileType = wrapper.application; includeInIndex = 0; path = NearByApp.app; sourceTree = BUILT_PRODUCTS_DIR; };
		9F287E602D07B29A0005FD3E /* AppDelegate.swift */ = {isa = PBXFileReference; lastKnownFileType = sourcecode.swift; path = AppDelegate.swift; sourceTree = "<group>"; };
		9F287E622D07B29A0005FD3E /* SceneDelegate.swift */ = {isa = PBXFileReference; lastKnownFileType = sourcecode.swift; path = SceneDelegate.swift; sourceTree = "<group>"; };
		9F287E642D07B29A0005FD3E /* ViewController.swift */ = {isa = PBXFileReference; lastKnownFileType = sourcecode.swift; path = ViewController.swift; sourceTree = "<group>"; };
		9F287E6E2D07B29D0005FD3E /* Info.plist */ = {isa = PBXFileReference; lastKnownFileType = text.plist.xml; path = Info.plist; sourceTree = "<group>"; };
		9F287E732D07B29D0005FD3E /* NearByAppTests.xctest */ = {isa = PBXFileReference; explicitFileType = wrapper.cfbundle; includeInIndex = 0; path = NearByAppTests.xctest; sourceTree = BUILT_PRODUCTS_DIR; };
		9F287E772D07B29D0005FD3E /* NearByAppTests.swift */ = {isa = PBXFileReference; lastKnownFileType = sourcecode.swift; path = NearByAppTests.swift; sourceTree = "<group>"; };
		9F287E7D2D07B29D0005FD3E /* NearByAppUITests.xctest */ = {isa = PBXFileReference; explicitFileType = wrapper.cfbundle; includeInIndex = 0; path = NearByAppUITests.xctest; sourceTree = BUILT_PRODUCTS_DIR; };
		9F287E812D07B29D0005FD3E /* NearByAppUITests.swift */ = {isa = PBXFileReference; lastKnownFileType = sourcecode.swift; path = NearByAppUITests.swift; sourceTree = "<group>"; };
		9F287E832D07B29D0005FD3E /* NearByAppUITestsLaunchTests.swift */ = {isa = PBXFileReference; lastKnownFileType = sourcecode.swift; path = NearByAppUITestsLaunchTests.swift; sourceTree = "<group>"; };
		9F287E9A2D07BC360005FD3E /* Assets.xcassets */ = {isa = PBXFileReference; lastKnownFileType = folder.assetcatalog; path = Assets.xcassets; sourceTree = "<group>"; };
		9F287E9B2D07BC950005FD3E /* Colors.swift */ = {isa = PBXFileReference; lastKnownFileType = sourcecode.swift; path = Colors.swift; sourceTree = "<group>"; };
		9F287E9E2D07BD1B0005FD3E /* NearbyFlowController.swift */ = {isa = PBXFileReference; lastKnownFileType = sourcecode.swift; path = NearbyFlowController.swift; sourceTree = "<group>"; };
		9F287EA22D07BEB50005FD3E /* SplashViewController.swift */ = {isa = PBXFileReference; lastKnownFileType = sourcecode.swift; path = SplashViewController.swift; sourceTree = "<group>"; };
		9F287EA42D07BF060005FD3E /* SplashView.swift */ = {isa = PBXFileReference; lastKnownFileType = sourcecode.swift; path = SplashView.swift; sourceTree = "<group>"; };
/* End PBXFileReference section */

/* Begin PBXFrameworksBuildPhase section */
		9F287E5A2D07B29A0005FD3E /* Frameworks */ = {
			isa = PBXFrameworksBuildPhase;
			buildActionMask = 2147483647;
			files = (
			);
			runOnlyForDeploymentPostprocessing = 0;
		};
		9F287E702D07B29D0005FD3E /* Frameworks */ = {
			isa = PBXFrameworksBuildPhase;
			buildActionMask = 2147483647;
			files = (
			);
			runOnlyForDeploymentPostprocessing = 0;
		};
		9F287E7A2D07B29D0005FD3E /* Frameworks */ = {
			isa = PBXFrameworksBuildPhase;
			buildActionMask = 2147483647;
			files = (
			);
			runOnlyForDeploymentPostprocessing = 0;
		};
/* End PBXFrameworksBuildPhase section */

/* Begin PBXGroup section */
		9F287E542D07B29A0005FD3E = {
			isa = PBXGroup;
			children = (
				9F287E5F2D07B29A0005FD3E /* NearByApp */,
				9F287E762D07B29D0005FD3E /* NearByAppTests */,
				9F287E802D07B29D0005FD3E /* NearByAppUITests */,
				9F287E5E2D07B29A0005FD3E /* Products */,
			);
			sourceTree = "<group>";
		};
		9F287E5E2D07B29A0005FD3E /* Products */ = {
			isa = PBXGroup;
			children = (
				9F287E5D2D07B29A0005FD3E /* NearByApp.app */,
				9F287E732D07B29D0005FD3E /* NearByAppTests.xctest */,
				9F287E7D2D07B29D0005FD3E /* NearByAppUITests.xctest */,
			);
			name = Products;
			sourceTree = "<group>";
		};
		9F287E5F2D07B29A0005FD3E /* NearByApp */ = {
			isa = PBXGroup;
			children = (
				9F287E992D07BC360005FD3E /* Resources */,
				9F287E902D07B3C00005FD3E /* Sources */,
				9F287E602D07B29A0005FD3E /* AppDelegate.swift */,
				9F287E622D07B29A0005FD3E /* SceneDelegate.swift */,
				9F287E642D07B29A0005FD3E /* ViewController.swift */,
				9F287E6E2D07B29D0005FD3E /* Info.plist */,
			);
			path = NearByApp;
			sourceTree = "<group>";
		};
		9F287E762D07B29D0005FD3E /* NearByAppTests */ = {
			isa = PBXGroup;
			children = (
				9F287E772D07B29D0005FD3E /* NearByAppTests.swift */,
			);
			path = NearByAppTests;
			sourceTree = "<group>";
		};
		9F287E802D07B29D0005FD3E /* NearByAppUITests */ = {
			isa = PBXGroup;
			children = (
				9F287E812D07B29D0005FD3E /* NearByAppUITests.swift */,
				9F287E832D07B29D0005FD3E /* NearByAppUITestsLaunchTests.swift */,
			);
			path = NearByAppUITests;
			sourceTree = "<group>";
		};
		9F287E902D07B3C00005FD3E /* Sources */ = {
			isa = PBXGroup;
			children = (
				9F287E952D07BC060005FD3E /* Features */,
				9F287E942D07BBFC0005FD3E /* Constants */,
			);
			path = Sources;
			sourceTree = "<group>";
		};
		9F287E942D07BBFC0005FD3E /* Constants */ = {
			isa = PBXGroup;
			children = (
				9F287E9B2D07BC950005FD3E /* Colors.swift */,
			);
			path = Constants;
			sourceTree = "<group>";
		};
		9F287E952D07BC060005FD3E /* Features */ = {
			isa = PBXGroup;
			children = (
				9F287EA02D07BE8F0005FD3E /* Scenes */,
				9F287E9D2D07BCEF0005FD3E /* Coordinator */,
			);
			path = Features;
			sourceTree = "<group>";
		};
		9F287E992D07BC360005FD3E /* Resources */ = {
			isa = PBXGroup;
			children = (
				9F287E9A2D07BC360005FD3E /* Assets.xcassets */,
			);
			path = Resources;
			sourceTree = "<group>";
		};
		9F287E9D2D07BCEF0005FD3E /* Coordinator */ = {
			isa = PBXGroup;
			children = (
				9F287E9E2D07BD1B0005FD3E /* NearbyFlowController.swift */,
			);
			path = Coordinator;
			sourceTree = "<group>";
		};
		9F287EA02D07BE8F0005FD3E /* Scenes */ = {
			isa = PBXGroup;
			children = (
				9F287EA12D07BE970005FD3E /* Splash */,
			);
			path = Scenes;
			sourceTree = "<group>";
		};
		9F287EA12D07BE970005FD3E /* Splash */ = {
			isa = PBXGroup;
			children = (
				9F287EA22D07BEB50005FD3E /* SplashViewController.swift */,
				9F287EA42D07BF060005FD3E /* SplashView.swift */,
			);
			path = Splash;
			sourceTree = "<group>";
		};
/* End PBXGroup section */

/* Begin PBXNativeTarget section */
		9F287E5C2D07B29A0005FD3E /* NearByApp */ = {
			isa = PBXNativeTarget;
			buildConfigurationList = 9F287E872D07B29D0005FD3E /* Build configuration list for PBXNativeTarget "NearByApp" */;
			buildPhases = (
				9F287E592D07B29A0005FD3E /* Sources */,
				9F287E5A2D07B29A0005FD3E /* Frameworks */,
				9F287E5B2D07B29A0005FD3E /* Resources */,
			);
			buildRules = (
			);
			dependencies = (
			);
			name = NearByApp;
			productName = NearByApp;
			productReference = 9F287E5D2D07B29A0005FD3E /* NearByApp.app */;
			productType = "com.apple.product-type.application";
		};
		9F287E722D07B29D0005FD3E /* NearByAppTests */ = {
			isa = PBXNativeTarget;
			buildConfigurationList = 9F287E8A2D07B29D0005FD3E /* Build configuration list for PBXNativeTarget "NearByAppTests" */;
			buildPhases = (
				9F287E6F2D07B29D0005FD3E /* Sources */,
				9F287E702D07B29D0005FD3E /* Frameworks */,
				9F287E712D07B29D0005FD3E /* Resources */,
			);
			buildRules = (
			);
			dependencies = (
				9F287E752D07B29D0005FD3E /* PBXTargetDependency */,
			);
			name = NearByAppTests;
			productName = NearByAppTests;
			productReference = 9F287E732D07B29D0005FD3E /* NearByAppTests.xctest */;
			productType = "com.apple.product-type.bundle.unit-test";
		};
		9F287E7C2D07B29D0005FD3E /* NearByAppUITests */ = {
			isa = PBXNativeTarget;
			buildConfigurationList = 9F287E8D2D07B29D0005FD3E /* Build configuration list for PBXNativeTarget "NearByAppUITests" */;
			buildPhases = (
				9F287E792D07B29D0005FD3E /* Sources */,
				9F287E7A2D07B29D0005FD3E /* Frameworks */,
				9F287E7B2D07B29D0005FD3E /* Resources */,
			);
			buildRules = (
			);
			dependencies = (
				9F287E7F2D07B29D0005FD3E /* PBXTargetDependency */,
			);
			name = NearByAppUITests;
			productName = NearByAppUITests;
			productReference = 9F287E7D2D07B29D0005FD3E /* NearByAppUITests.xctest */;
			productType = "com.apple.product-type.bundle.ui-testing";
		};
/* End PBXNativeTarget section */

/* Begin PBXProject section */
		9F287E552D07B29A0005FD3E /* Project object */ = {
			isa = PBXProject;
			attributes = {
				BuildIndependentTargetsInParallel = 1;
				LastSwiftUpdateCheck = 1540;
				LastUpgradeCheck = 1540;
				TargetAttributes = {
					9F287E5C2D07B29A0005FD3E = {
						CreatedOnToolsVersion = 15.4;
					};
					9F287E722D07B29D0005FD3E = {
						CreatedOnToolsVersion = 15.4;
						TestTargetID = 9F287E5C2D07B29A0005FD3E;
					};
					9F287E7C2D07B29D0005FD3E = {
						CreatedOnToolsVersion = 15.4;
						TestTargetID = 9F287E5C2D07B29A0005FD3E;
					};
				};
			};
			buildConfigurationList = 9F287E582D07B29A0005FD3E /* Build configuration list for PBXProject "NearByApp" */;
			compatibilityVersion = "Xcode 14.0";
			developmentRegion = en;
			hasScannedForEncodings = 0;
			knownRegions = (
				en,
				Base,
			);
			mainGroup = 9F287E542D07B29A0005FD3E;
			productRefGroup = 9F287E5E2D07B29A0005FD3E /* Products */;
			projectDirPath = "";
			projectRoot = "";
			targets = (
				9F287E5C2D07B29A0005FD3E /* NearByApp */,
				9F287E722D07B29D0005FD3E /* NearByAppTests */,
				9F287E7C2D07B29D0005FD3E /* NearByAppUITests */,
			);
		};
/* End PBXProject section */

/* Begin PBXResourcesBuildPhase section */
		9F287E5B2D07B29A0005FD3E /* Resources */ = {
			isa = PBXResourcesBuildPhase;
			buildActionMask = 2147483647;
			files = (
				9F4D43222D085DE5005245F3 /* Assets.xcassets in Resources */,
			);
			runOnlyForDeploymentPostprocessing = 0;
		};
		9F287E712D07B29D0005FD3E /* Resources */ = {
			isa = PBXResourcesBuildPhase;
			buildActionMask = 2147483647;
			files = (
			);
			runOnlyForDeploymentPostprocessing = 0;
		};
		9F287E7B2D07B29D0005FD3E /* Resources */ = {
			isa = PBXResourcesBuildPhase;
			buildActionMask = 2147483647;
			files = (
			);
			runOnlyForDeploymentPostprocessing = 0;
		};
/* End PBXResourcesBuildPhase section */

/* Begin PBXSourcesBuildPhase section */
		9F287E592D07B29A0005FD3E /* Sources */ = {
			isa = PBXSourcesBuildPhase;
			buildActionMask = 2147483647;
			files = (
				9F287E9C2D07BC950005FD3E /* Colors.swift in Sources */,
				9F287E9F2D07BD1B0005FD3E /* NearbyFlowController.swift in Sources */,
				9F287E652D07B29A0005FD3E /* ViewController.swift in Sources */,
				9F287EA32D07BEB50005FD3E /* SplashViewController.swift in Sources */,
				9F287E612D07B29A0005FD3E /* AppDelegate.swift in Sources */,
				9F287E632D07B29A0005FD3E /* SceneDelegate.swift in Sources */,
				9F287EA52D07BF060005FD3E /* SplashView.swift in Sources */,
			);
			runOnlyForDeploymentPostprocessing = 0;
		};
		9F287E6F2D07B29D0005FD3E /* Sources */ = {
			isa = PBXSourcesBuildPhase;
			buildActionMask = 2147483647;
			files = (
				9F287E782D07B29D0005FD3E /* NearByAppTests.swift in Sources */,
			);
			runOnlyForDeploymentPostprocessing = 0;
		};
		9F287E792D07B29D0005FD3E /* Sources */ = {
			isa = PBXSourcesBuildPhase;
			buildActionMask = 2147483647;
			files = (
				9F287E822D07B29D0005FD3E /* NearByAppUITests.swift in Sources */,
				9F287E842D07B29D0005FD3E /* NearByAppUITestsLaunchTests.swift in Sources */,
			);
			runOnlyForDeploymentPostprocessing = 0;
		};
/* End PBXSourcesBuildPhase section */

/* Begin PBXTargetDependency section */
		9F287E752D07B29D0005FD3E /* PBXTargetDependency */ = {
			isa = PBXTargetDependency;
			target = 9F287E5C2D07B29A0005FD3E /* NearByApp */;
			targetProxy = 9F287E742D07B29D0005FD3E /* PBXContainerItemProxy */;
		};
		9F287E7F2D07B29D0005FD3E /* PBXTargetDependency */ = {
			isa = PBXTargetDependency;
			target = 9F287E5C2D07B29A0005FD3E /* NearByApp */;
			targetProxy = 9F287E7E2D07B29D0005FD3E /* PBXContainerItemProxy */;
		};
/* End PBXTargetDependency section */

/* Begin XCBuildConfiguration section */
		9F287E852D07B29D0005FD3E /* Debug */ = {
			isa = XCBuildConfiguration;
			buildSettings = {
				ALWAYS_SEARCH_USER_PATHS = NO;
				ASSETCATALOG_COMPILER_GENERATE_SWIFT_ASSET_SYMBOL_EXTENSIONS = YES;
				CLANG_ANALYZER_NONNULL = YES;
				CLANG_ANALYZER_NUMBER_OBJECT_CONVERSION = YES_AGGRESSIVE;
				CLANG_CXX_LANGUAGE_STANDARD = "gnu++20";
				CLANG_ENABLE_MODULES = YES;
				CLANG_ENABLE_OBJC_ARC = YES;
				CLANG_ENABLE_OBJC_WEAK = YES;
				CLANG_WARN_BLOCK_CAPTURE_AUTORELEASING = YES;
				CLANG_WARN_BOOL_CONVERSION = YES;
				CLANG_WARN_COMMA = YES;
				CLANG_WARN_CONSTANT_CONVERSION = YES;
				CLANG_WARN_DEPRECATED_OBJC_IMPLEMENTATIONS = YES;
				CLANG_WARN_DIRECT_OBJC_ISA_USAGE = YES_ERROR;
				CLANG_WARN_DOCUMENTATION_COMMENTS = YES;
				CLANG_WARN_EMPTY_BODY = YES;
				CLANG_WARN_ENUM_CONVERSION = YES;
				CLANG_WARN_INFINITE_RECURSION = YES;
				CLANG_WARN_INT_CONVERSION = YES;
				CLANG_WARN_NON_LITERAL_NULL_CONVERSION = YES;
				CLANG_WARN_OBJC_IMPLICIT_RETAIN_SELF = YES;
				CLANG_WARN_OBJC_LITERAL_CONVERSION = YES;
				CLANG_WARN_OBJC_ROOT_CLASS = YES_ERROR;
				CLANG_WARN_QUOTED_INCLUDE_IN_FRAMEWORK_HEADER = YES;
				CLANG_WARN_RANGE_LOOP_ANALYSIS = YES;
				CLANG_WARN_STRICT_PROTOTYPES = YES;
				CLANG_WARN_SUSPICIOUS_MOVE = YES;
				CLANG_WARN_UNGUARDED_AVAILABILITY = YES_AGGRESSIVE;
				CLANG_WARN_UNREACHABLE_CODE = YES;
				CLANG_WARN__DUPLICATE_METHOD_MATCH = YES;
				COPY_PHASE_STRIP = NO;
				DEBUG_INFORMATION_FORMAT = dwarf;
				ENABLE_STRICT_OBJC_MSGSEND = YES;
				ENABLE_TESTABILITY = YES;
				ENABLE_USER_SCRIPT_SANDBOXING = YES;
				GCC_C_LANGUAGE_STANDARD = gnu17;
				GCC_DYNAMIC_NO_PIC = NO;
				GCC_NO_COMMON_BLOCKS = YES;
				GCC_OPTIMIZATION_LEVEL = 0;
				GCC_PREPROCESSOR_DEFINITIONS = (
					"DEBUG=1",
					"$(inherited)",
				);
				GCC_WARN_64_TO_32_BIT_CONVERSION = YES;
				GCC_WARN_ABOUT_RETURN_TYPE = YES_ERROR;
				GCC_WARN_UNDECLARED_SELECTOR = YES;
				GCC_WARN_UNINITIALIZED_AUTOS = YES_AGGRESSIVE;
				GCC_WARN_UNUSED_FUNCTION = YES;
				GCC_WARN_UNUSED_VARIABLE = YES;
				IPHONEOS_DEPLOYMENT_TARGET = 17.5;
				LOCALIZATION_PREFERS_STRING_CATALOGS = YES;
				MTL_ENABLE_DEBUG_INFO = INCLUDE_SOURCE;
				MTL_FAST_MATH = YES;
				ONLY_ACTIVE_ARCH = YES;
				SDKROOT = iphoneos;
				SWIFT_ACTIVE_COMPILATION_CONDITIONS = "DEBUG $(inherited)";
				SWIFT_OPTIMIZATION_LEVEL = "-Onone";
			};
			name = Debug;
		};
		9F287E862D07B29D0005FD3E /* Release */ = {
			isa = XCBuildConfiguration;
			buildSettings = {
				ALWAYS_SEARCH_USER_PATHS = NO;
				ASSETCATALOG_COMPILER_GENERATE_SWIFT_ASSET_SYMBOL_EXTENSIONS = YES;
				CLANG_ANALYZER_NONNULL = YES;
				CLANG_ANALYZER_NUMBER_OBJECT_CONVERSION = YES_AGGRESSIVE;
				CLANG_CXX_LANGUAGE_STANDARD = "gnu++20";
				CLANG_ENABLE_MODULES = YES;
				CLANG_ENABLE_OBJC_ARC = YES;
				CLANG_ENABLE_OBJC_WEAK = YES;
				CLANG_WARN_BLOCK_CAPTURE_AUTORELEASING = YES;
				CLANG_WARN_BOOL_CONVERSION = YES;
				CLANG_WARN_COMMA = YES;
				CLANG_WARN_CONSTANT_CONVERSION = YES;
				CLANG_WARN_DEPRECATED_OBJC_IMPLEMENTATIONS = YES;
				CLANG_WARN_DIRECT_OBJC_ISA_USAGE = YES_ERROR;
				CLANG_WARN_DOCUMENTATION_COMMENTS = YES;
				CLANG_WARN_EMPTY_BODY = YES;
				CLANG_WARN_ENUM_CONVERSION = YES;
				CLANG_WARN_INFINITE_RECURSION = YES;
				CLANG_WARN_INT_CONVERSION = YES;
				CLANG_WARN_NON_LITERAL_NULL_CONVERSION = YES;
				CLANG_WARN_OBJC_IMPLICIT_RETAIN_SELF = YES;
				CLANG_WARN_OBJC_LITERAL_CONVERSION = YES;
				CLANG_WARN_OBJC_ROOT_CLASS = YES_ERROR;
				CLANG_WARN_QUOTED_INCLUDE_IN_FRAMEWORK_HEADER = YES;
				CLANG_WARN_RANGE_LOOP_ANALYSIS = YES;
				CLANG_WARN_STRICT_PROTOTYPES = YES;
				CLANG_WARN_SUSPICIOUS_MOVE = YES;
				CLANG_WARN_UNGUARDED_AVAILABILITY = YES_AGGRESSIVE;
				CLANG_WARN_UNREACHABLE_CODE = YES;
				CLANG_WARN__DUPLICATE_METHOD_MATCH = YES;
				COPY_PHASE_STRIP = NO;
				DEBUG_INFORMATION_FORMAT = "dwarf-with-dsym";
				ENABLE_NS_ASSERTIONS = NO;
				ENABLE_STRICT_OBJC_MSGSEND = YES;
				ENABLE_USER_SCRIPT_SANDBOXING = YES;
				GCC_C_LANGUAGE_STANDARD = gnu17;
				GCC_NO_COMMON_BLOCKS = YES;
				GCC_WARN_64_TO_32_BIT_CONVERSION = YES;
				GCC_WARN_ABOUT_RETURN_TYPE = YES_ERROR;
				GCC_WARN_UNDECLARED_SELECTOR = YES;
				GCC_WARN_UNINITIALIZED_AUTOS = YES_AGGRESSIVE;
				GCC_WARN_UNUSED_FUNCTION = YES;
				GCC_WARN_UNUSED_VARIABLE = YES;
				IPHONEOS_DEPLOYMENT_TARGET = 17.5;
				LOCALIZATION_PREFERS_STRING_CATALOGS = YES;
				MTL_ENABLE_DEBUG_INFO = NO;
				MTL_FAST_MATH = YES;
				SDKROOT = iphoneos;
				SWIFT_COMPILATION_MODE = wholemodule;
				VALIDATE_PRODUCT = YES;
			};
			name = Release;
		};
		9F287E882D07B29D0005FD3E /* Debug */ = {
			isa = XCBuildConfiguration;
			buildSettings = {
				ASSETCATALOG_COMPILER_APPICON_NAME = AppIcon;
				ASSETCATALOG_COMPILER_GLOBAL_ACCENT_COLOR_NAME = AccentColor;
				CODE_SIGN_STYLE = Automatic;
				CURRENT_PROJECT_VERSION = 1;
				DEVELOPMENT_TEAM = 4TZAQP78VV;
				GENERATE_INFOPLIST_FILE = YES;
				INFOPLIST_FILE = NearByApp/Info.plist;
				INFOPLIST_KEY_UIApplicationSupportsIndirectInputEvents = YES;
				INFOPLIST_KEY_UILaunchStoryboardName = LaunchScreen;
				INFOPLIST_KEY_UISupportedInterfaceOrientations_iPad = "UIInterfaceOrientationPortrait UIInterfaceOrientationPortraitUpsideDown UIInterfaceOrientationLandscapeLeft UIInterfaceOrientationLandscapeRight";
				INFOPLIST_KEY_UISupportedInterfaceOrientations_iPhone = "UIInterfaceOrientationPortrait UIInterfaceOrientationLandscapeLeft UIInterfaceOrientationLandscapeRight";
				LD_RUNPATH_SEARCH_PATHS = (
					"$(inherited)",
					"@executable_path/Frameworks",
				);
				MARKETING_VERSION = 1.0;
				PRODUCT_BUNDLE_IDENTIFIER = leticia.marques.NearByApp;
				PRODUCT_NAME = "$(TARGET_NAME)";
				SWIFT_EMIT_LOC_STRINGS = YES;
				SWIFT_VERSION = 5.0;
				TARGETED_DEVICE_FAMILY = "1,2";
			};
			name = Debug;
		};
		9F287E892D07B29D0005FD3E /* Release */ = {
			isa = XCBuildConfiguration;
			buildSettings = {
				ASSETCATALOG_COMPILER_APPICON_NAME = AppIcon;
				ASSETCATALOG_COMPILER_GLOBAL_ACCENT_COLOR_NAME = AccentColor;
				CODE_SIGN_STYLE = Automatic;
				CURRENT_PROJECT_VERSION = 1;
				DEVELOPMENT_TEAM = 4TZAQP78VV;
				GENERATE_INFOPLIST_FILE = YES;
				INFOPLIST_FILE = NearByApp/Info.plist;
				INFOPLIST_KEY_UIApplicationSupportsIndirectInputEvents = YES;
				INFOPLIST_KEY_UILaunchStoryboardName = LaunchScreen;
				INFOPLIST_KEY_UISupportedInterfaceOrientations_iPad = "UIInterfaceOrientationPortrait UIInterfaceOrientationPortraitUpsideDown UIInterfaceOrientationLandscapeLeft UIInterfaceOrientationLandscapeRight";
				INFOPLIST_KEY_UISupportedInterfaceOrientations_iPhone = "UIInterfaceOrientationPortrait UIInterfaceOrientationLandscapeLeft UIInterfaceOrientationLandscapeRight";
				LD_RUNPATH_SEARCH_PATHS = (
					"$(inherited)",
					"@executable_path/Frameworks",
				);
				MARKETING_VERSION = 1.0;
				PRODUCT_BUNDLE_IDENTIFIER = leticia.marques.NearByApp;
				PRODUCT_NAME = "$(TARGET_NAME)";
				SWIFT_EMIT_LOC_STRINGS = YES;
				SWIFT_VERSION = 5.0;
				TARGETED_DEVICE_FAMILY = "1,2";
			};
			name = Release;
		};
		9F287E8B2D07B29D0005FD3E /* Debug */ = {
			isa = XCBuildConfiguration;
			buildSettings = {
				ALWAYS_EMBED_SWIFT_STANDARD_LIBRARIES = YES;
				BUNDLE_LOADER = "$(TEST_HOST)";
				CODE_SIGN_STYLE = Automatic;
				CURRENT_PROJECT_VERSION = 1;
				DEVELOPMENT_TEAM = 4TZAQP78VV;
				GENERATE_INFOPLIST_FILE = YES;
				IPHONEOS_DEPLOYMENT_TARGET = 17.5;
				MARKETING_VERSION = 1.0;
				PRODUCT_BUNDLE_IDENTIFIER = leticia.marques.NearByAppTests;
				PRODUCT_NAME = "$(TARGET_NAME)";
				SWIFT_EMIT_LOC_STRINGS = NO;
				SWIFT_VERSION = 5.0;
				TARGETED_DEVICE_FAMILY = "1,2";
				TEST_HOST = "$(BUILT_PRODUCTS_DIR)/NearByApp.app/$(BUNDLE_EXECUTABLE_FOLDER_PATH)/NearByApp";
			};
			name = Debug;
		};
		9F287E8C2D07B29D0005FD3E /* Release */ = {
			isa = XCBuildConfiguration;
			buildSettings = {
				ALWAYS_EMBED_SWIFT_STANDARD_LIBRARIES = YES;
				BUNDLE_LOADER = "$(TEST_HOST)";
				CODE_SIGN_STYLE = Automatic;
				CURRENT_PROJECT_VERSION = 1;
				DEVELOPMENT_TEAM = 4TZAQP78VV;
				GENERATE_INFOPLIST_FILE = YES;
				IPHONEOS_DEPLOYMENT_TARGET = 17.5;
				MARKETING_VERSION = 1.0;
				PRODUCT_BUNDLE_IDENTIFIER = leticia.marques.NearByAppTests;
				PRODUCT_NAME = "$(TARGET_NAME)";
				SWIFT_EMIT_LOC_STRINGS = NO;
				SWIFT_VERSION = 5.0;
				TARGETED_DEVICE_FAMILY = "1,2";
				TEST_HOST = "$(BUILT_PRODUCTS_DIR)/NearByApp.app/$(BUNDLE_EXECUTABLE_FOLDER_PATH)/NearByApp";
			};
			name = Release;
		};
		9F287E8E2D07B29D0005FD3E /* Debug */ = {
			isa = XCBuildConfiguration;
			buildSettings = {
				ALWAYS_EMBED_SWIFT_STANDARD_LIBRARIES = YES;
				CODE_SIGN_STYLE = Automatic;
				CURRENT_PROJECT_VERSION = 1;
				DEVELOPMENT_TEAM = 4TZAQP78VV;
				GENERATE_INFOPLIST_FILE = YES;
				MARKETING_VERSION = 1.0;
				PRODUCT_BUNDLE_IDENTIFIER = leticia.marques.NearByAppUITests;
				PRODUCT_NAME = "$(TARGET_NAME)";
				SWIFT_EMIT_LOC_STRINGS = NO;
				SWIFT_VERSION = 5.0;
				TARGETED_DEVICE_FAMILY = "1,2";
				TEST_TARGET_NAME = NearByApp;
			};
			name = Debug;
		};
		9F287E8F2D07B29D0005FD3E /* Release */ = {
			isa = XCBuildConfiguration;
			buildSettings = {
				ALWAYS_EMBED_SWIFT_STANDARD_LIBRARIES = YES;
				CODE_SIGN_STYLE = Automatic;
				CURRENT_PROJECT_VERSION = 1;
				DEVELOPMENT_TEAM = 4TZAQP78VV;
				GENERATE_INFOPLIST_FILE = YES;
				MARKETING_VERSION = 1.0;
				PRODUCT_BUNDLE_IDENTIFIER = leticia.marques.NearByAppUITests;
				PRODUCT_NAME = "$(TARGET_NAME)";
				SWIFT_EMIT_LOC_STRINGS = NO;
				SWIFT_VERSION = 5.0;
				TARGETED_DEVICE_FAMILY = "1,2";
				TEST_TARGET_NAME = NearByApp;
			};
			name = Release;
		};
/* End XCBuildConfiguration section */

/* Begin XCConfigurationList section */
		9F287E582D07B29A0005FD3E /* Build configuration list for PBXProject "NearByApp" */ = {
			isa = XCConfigurationList;
			buildConfigurations = (
				9F287E852D07B29D0005FD3E /* Debug */,
				9F287E862D07B29D0005FD3E /* Release */,
			);
			defaultConfigurationIsVisible = 0;
			defaultConfigurationName = Release;
		};
		9F287E872D07B29D0005FD3E /* Build configuration list for PBXNativeTarget "NearByApp" */ = {
			isa = XCConfigurationList;
			buildConfigurations = (
				9F287E882D07B29D0005FD3E /* Debug */,
				9F287E892D07B29D0005FD3E /* Release */,
			);
			defaultConfigurationIsVisible = 0;
			defaultConfigurationName = Release;
		};
		9F287E8A2D07B29D0005FD3E /* Build configuration list for PBXNativeTarget "NearByAppTests" */ = {
			isa = XCConfigurationList;
			buildConfigurations = (
				9F287E8B2D07B29D0005FD3E /* Debug */,
				9F287E8C2D07B29D0005FD3E /* Release */,
			);
			defaultConfigurationIsVisible = 0;
			defaultConfigurationName = Release;
		};
		9F287E8D2D07B29D0005FD3E /* Build configuration list for PBXNativeTarget "NearByAppUITests" */ = {
			isa = XCConfigurationList;
			buildConfigurations = (
				9F287E8E2D07B29D0005FD3E /* Debug */,
				9F287E8F2D07B29D0005FD3E /* Release */,
			);
			defaultConfigurationIsVisible = 0;
			defaultConfigurationName = Release;
		};
/* End XCConfigurationList section */
	};
	rootObject = 9F287E552D07B29A0005FD3E /* Project object */;
}
